
Microsoft Visual Studio Solution File, Format Version 12.00
# Visual Studio Version 16
VisualStudioVersion = 25.0.1700.3
MinimumVisualStudioVersion = 10.0.40219.1
Project("{FAE04EC0-301F-11D3-BF4B-00C04F79EFBC}") = "VueNet", "VueNet.csproj", "{58E7FAF5-3CCE-4BBB-8269-01E9551E767D}"
EndProject
Global
	GlobalSection(SolutionConfigurationPlatforms) = preSolution
		Debug|Any CPU = Debug|Any CPU
		Release|Any CPU = Release|Any CPU
	EndGlobalSection
	GlobalSection(ProjectConfigurationPlatforms) = postSolution
		{58E7FAF5-3CCE-4BBB-8269-01E9551E767D}.Debug|Any CPU.ActiveCfg = Debug|Any CPU
		{58E7FAF5-3CCE-4BBB-8269-01E9551E767D}.Debug|Any CPU.Build.0 = Debug|Any CPU
		{58E7FAF5-3CCE-4BBB-8269-01E9551E767D}.Release|Any CPU.ActiveCfg = Release|Any CPU
		{58E7FAF5-3CCE-4BBB-8269-01E9551E767D}.Release|Any CPU.Build.0 = Release|Any CPU
	EndGlobalSection
	GlobalSection(SolutionProperties) = preSolution
		HideSolutionNode = FALSE
	EndGlobalSection
	GlobalSection(ExtensibilityGlobals) = postSolution
		SolutionGuid = {826C0501-C068-41B6-A6F2-90266C992C0E}
	EndGlobalSection
EndGlobal
